
Microsoft Visual Studio Solution File, Format Version 12.00
# Visual Studio 2013
VisualStudioVersion = 12.0.20617.1 PREVIEW
MinimumVisualStudioVersion = 10.0.40219.1
Project("{FAE04EC0-301F-11D3-BF4B-00C04F79EFBC}") = "AppDesign", "AppDesign\AppDesign.csproj", "{D984C53D-88D0-4791-A045-123B6AE16D8C}"
EndProject
Global
	GlobalSection(SolutionConfigurationPlatforms) = preSolution
		Debug|Any CPU = Debug|Any CPU
		Release|Any CPU = Release|Any CPU
	EndGlobalSection
	GlobalSection(ProjectConfigurationPlatforms) = postSolution
		{D984C53D-88D0-4791-A045-123B6AE16D8C}.Debug|Any CPU.ActiveCfg = Debug|Any CPU
		{D984C53D-88D0-4791-A045-123B6AE16D8C}.Debug|Any CPU.Build.0 = Debug|Any CPU
		{D984C53D-88D0-4791-A045-123B6AE16D8C}.Release|Any CPU.ActiveCfg = Release|Any CPU
		{D984C53D-88D0-4791-A045-123B6AE16D8C}.Release|Any CPU.Build.0 = Release|Any CPU
	EndGlobalSection
	GlobalSection(SolutionProperties) = preSolution
		HideSolutionNode = FALSE
	EndGlobalSection
EndGlobal
